
Microsoft Visual Studio Solution File, Format Version 12.00
# Visual Studio Version 17
VisualStudioVersion = 17.3.32929.385
MinimumVisualStudioVersion = 10.0.40219.1
Project("{2150E333-8FDC-42A3-9474-1A3956D46DE8}") = "src", "src", "{6B0B2ED7-CE47-47A6-842A-9E3837B6D4EB}"
EndProject
Project("{2150E333-8FDC-42A3-9474-1A3956D46DE8}") = "Core", "Core", "{B237B65C-150E-4916-9256-A6977AC04B10}"
EndProject
Project("{2150E333-8FDC-42A3-9474-1A3956D46DE8}") = "Infraestructure", "Infraestructure", "{C6E53F18-BF96-4850-989E-292569CBAD82}"
EndProject
Project("{2150E333-8FDC-42A3-9474-1A3956D46DE8}") = "Presentation", "Presentation", "{35AD15AC-B2DC-4CD9-B2D1-CDA9F287B928}"
EndProject
Project("{9A19103F-16F7-4668-BE54-9A1E7A4F7556}") = "Aplication", "Aplication\Aplication.csproj", "{D2FB253F-7BB8-4F36-B35F-7B20F86E6617}"
EndProject
Project("{9A19103F-16F7-4668-BE54-9A1E7A4F7556}") = "Domain", "Domain\Domain.csproj", "{64A4AAE3-D468-49AE-A340-0A976343F98E}"
EndProject
Project("{9A19103F-16F7-4668-BE54-9A1E7A4F7556}") = "Persistence", "Persistence\Persistence.csproj", "{B89361A0-9663-4DB7-A20B-0133B4FDA2D4}"
EndProject
Project("{9A19103F-16F7-4668-BE54-9A1E7A4F7556}") = "Shared", "Shared\Shared.csproj", "{57561714-CA14-4EE3-B719-CFE6BA58DA1C}"
EndProject
Project("{FAE04EC0-301F-11D3-BF4B-00C04F79EFBC}") = "WebAPI", "WebAPI\WebAPI.csproj", "{FD7861BF-9FF4-49D9-BE88-FCA4D9904162}"
EndProject
Global
	GlobalSection(SolutionConfigurationPlatforms) = preSolution
		Debug|Any CPU = Debug|Any CPU
		Release|Any CPU = Release|Any CPU
	EndGlobalSection
	GlobalSection(ProjectConfigurationPlatforms) = postSolution
		{D2FB253F-7BB8-4F36-B35F-7B20F86E6617}.Debug|Any CPU.ActiveCfg = Debug|Any CPU
		{D2FB253F-7BB8-4F36-B35F-7B20F86E6617}.Debug|Any CPU.Build.0 = Debug|Any CPU
		{D2FB253F-7BB8-4F36-B35F-7B20F86E6617}.Release|Any CPU.ActiveCfg = Release|Any CPU
		{D2FB253F-7BB8-4F36-B35F-7B20F86E6617}.Release|Any CPU.Build.0 = Release|Any CPU
		{64A4AAE3-D468-49AE-A340-0A976343F98E}.Debug|Any CPU.ActiveCfg = Debug|Any CPU
		{64A4AAE3-D468-49AE-A340-0A976343F98E}.Debug|Any CPU.Build.0 = Debug|Any CPU
		{64A4AAE3-D468-49AE-A340-0A976343F98E}.Release|Any CPU.ActiveCfg = Release|Any CPU
		{64A4AAE3-D468-49AE-A340-0A976343F98E}.Release|Any CPU.Build.0 = Release|Any CPU
		{B89361A0-9663-4DB7-A20B-0133B4FDA2D4}.Debug|Any CPU.ActiveCfg = Debug|Any CPU
		{B89361A0-9663-4DB7-A20B-0133B4FDA2D4}.Debug|Any CPU.Build.0 = Debug|Any CPU
		{B89361A0-9663-4DB7-A20B-0133B4FDA2D4}.Release|Any CPU.ActiveCfg = Release|Any CPU
		{B89361A0-9663-4DB7-A20B-0133B4FDA2D4}.Release|Any CPU.Build.0 = Release|Any CPU
		{57561714-CA14-4EE3-B719-CFE6BA58DA1C}.Debug|Any CPU.ActiveCfg = Debug|Any CPU
		{57561714-CA14-4EE3-B719-CFE6BA58DA1C}.Debug|Any CPU.Build.0 = Debug|Any CPU
		{57561714-CA14-4EE3-B719-CFE6BA58DA1C}.Release|Any CPU.ActiveCfg = Release|Any CPU
		{57561714-CA14-4EE3-B719-CFE6BA58DA1C}.Release|Any CPU.Build.0 = Release|Any CPU
		{FD7861BF-9FF4-49D9-BE88-FCA4D9904162}.Debug|Any CPU.ActiveCfg = Debug|Any CPU
		{FD7861BF-9FF4-49D9-BE88-FCA4D9904162}.Debug|Any CPU.Build.0 = Debug|Any CPU
		{FD7861BF-9FF4-49D9-BE88-FCA4D9904162}.Release|Any CPU.ActiveCfg = Release|Any CPU
		{FD7861BF-9FF4-49D9-BE88-FCA4D9904162}.Release|Any CPU.Build.0 = Release|Any CPU
	EndGlobalSection
	GlobalSection(SolutionProperties) = preSolution
		HideSolutionNode = FALSE
	EndGlobalSection
	GlobalSection(NestedProjects) = preSolution
		{B237B65C-150E-4916-9256-A6977AC04B10} = {6B0B2ED7-CE47-47A6-842A-9E3837B6D4EB}
		{C6E53F18-BF96-4850-989E-292569CBAD82} = {6B0B2ED7-CE47-47A6-842A-9E3837B6D4EB}
		{35AD15AC-B2DC-4CD9-B2D1-CDA9F287B928} = {6B0B2ED7-CE47-47A6-842A-9E3837B6D4EB}
		{D2FB253F-7BB8-4F36-B35F-7B20F86E6617} = {B237B65C-150E-4916-9256-A6977AC04B10}
		{64A4AAE3-D468-49AE-A340-0A976343F98E} = {B237B65C-150E-4916-9256-A6977AC04B10}
		{B89361A0-9663-4DB7-A20B-0133B4FDA2D4} = {C6E53F18-BF96-4850-989E-292569CBAD82}
		{57561714-CA14-4EE3-B719-CFE6BA58DA1C} = {C6E53F18-BF96-4850-989E-292569CBAD82}
		{FD7861BF-9FF4-49D9-BE88-FCA4D9904162} = {35AD15AC-B2DC-4CD9-B2D1-CDA9F287B928}
	EndGlobalSection
	GlobalSection(ExtensibilityGlobals) = postSolution
		SolutionGuid = {111472D9-AB14-4B26-84C5-A1E71474C1AB}
	EndGlobalSection
EndGlobal
